
Microsoft Visual Studio Solution File, Format Version 12.00
# Visual Studio Version 17
VisualStudioVersion = 17.8.34330.188
MinimumVisualStudioVersion = 10.0.40219.1
Project("{FAE04EC0-301F-11D3-BF4B-00C04F79EFBC}") = "Ambinity", "Ambinity\Ambinity.csproj", "{E0C18D7D-9C05-4C43-B3A1-F2313F482234}"
EndProject
Project("{FAE04EC0-301F-11D3-BF4B-00C04F79EFBC}") = "AmbinityCore", "AmbinityCore\AmbinityCore.csproj", "{4E30673D-B6F2-4D2D-8C27-B6C48D12BF54}"
EndProject
Project("{FAE04EC0-301F-11D3-BF4B-00C04F79EFBC}") = "Draw2D.Core", "Draw2D.Core\Draw2D.Core.csproj", "{A5447E90-DF91-4D42-BBF4-2D9443F9A8AB}"
EndProject
Project("{FAE04EC0-301F-11D3-BF4B-00C04F79EFBC}") = "Draw2DControlLibrary", "Draw2DControlLibrary\Draw2DControlLibrary.csproj", "{3EACE675-DF5D-48CA-AE25-30A6A6914673}"
EndProject
Project("{FAE04EC0-301F-11D3-BF4B-00C04F79EFBC}") = "AmbinityServer", "AmbinityServer\AmbinityServer.csproj", "{0FCDB96E-36BD-4DB7-A403-C49499C32421}"
EndProject
Project("{FAE04EC0-301F-11D3-BF4B-00C04F79EFBC}") = "Ambinity.MacOs", "Ambinity.MacOs\Ambinity.MacOs.csproj", "{F8018657-AB88-4D82-BE00-A5EE74D040FC}"
EndProject
Project("{FAE04EC0-301F-11D3-BF4B-00C04F79EFBC}") = "Ambinity.Windows", "Ambinity.Windows\Ambinity.Windows.csproj", "{ED0F92DC-E8DB-4252-B1B5-F2D6CEDB447F}"
EndProject
Project("{FAE04EC0-301F-11D3-BF4B-00C04F79EFBC}") = "OpenRGB.NET", "OpenRGB.NET\OpenRGB.NET.csproj", "{34B85157-C115-46A0-9597-1C17CFEC8E00}"
EndProject
Project("{FAE04EC0-301F-11D3-BF4B-00C04F79EFBC}") = "Ambinity.Installer", "Ambinity.Installer\Ambinity.Installer.csproj", "{1CF787D7-3D50-4EAE-A94C-F4B7CD4C457F}"
EndProject
Project("{FAE04EC0-301F-11D3-BF4B-00C04F79EFBC}") = "ScreenCapture.NET", "ScreenCapture.NET\ScreenCapture.NET.csproj", "{1B0E043A-BB93-42E0-B98A-D05797C9ABF9}"
EndProject
Project("{FAE04EC0-301F-11D3-BF4B-00C04F79EFBC}") = "ScreenCapture.NET.AV", "ScreenCapture.NET.AV\ScreenCapture.NET.AV.csproj", "{7DF816DB-9022-44E5-ABD9-A80EF8E38583}"
EndProject
Project("{FAE04EC0-301F-11D3-BF4B-00C04F79EFBC}") = "ScreenCapture.NET.DX9", "ScreenCapture.NET.DX9\ScreenCapture.NET.DX9.csproj", "{44FE4971-1B13-40C7-8468-094FB7F42EA8}"
EndProject
Project("{FAE04EC0-301F-11D3-BF4B-00C04F79EFBC}") = "ScreenCapture.NET.DX11", "ScreenCapture.NET.DX11\ScreenCapture.NET.DX11.csproj", "{3DE64085-F4F3-4BBD-A880-9AB0834F544F}"
EndProject
Project("{FAE04EC0-301F-11D3-BF4B-00C04F79EFBC}") = "ScreenCapture.NET.X11", "ScreenCapture.NET.X11\ScreenCapture.NET.X11.csproj", "{850E4C0D-5660-494A-9108-5975FB68F2F6}"
EndProject
Project("{FAE04EC0-301F-11D3-BF4B-00C04F79EFBC}") = "ScreenCapture.NET.SCK", "ScreenCapture.NET.SCK\ScreenCapture.NET.SCK.csproj", "{705A8BAE-3D7D-43E8-9D88-8E95C7E0CFF6}"
EndProject
Project("{FAE04EC0-301F-11D3-BF4B-00C04F79EFBC}") = "Avalonia.Gif", "Avalonia.Gif\Avalonia.Gif.csproj", "{F508E0A5-0C0D-46B9-ABB9-FC5F7D89F2F0}"
EndProject
Project("{FAE04EC0-301F-11D3-BF4B-00C04F79EFBC}") = "AmbinityDB", "AmbinityDB\AmbinityDB.csproj", "{FCDE27ED-4BB9-4A08-9A5A-9D39954B7D7A}"
EndProject
Global
	GlobalSection(SolutionConfigurationPlatforms) = preSolution
		Debug|Any CPU = Debug|Any CPU
		Debug|x64 = Debug|x64
		Debug|x86 = Debug|x86
		Release|Any CPU = Release|Any CPU
		Release|x64 = Release|x64
		Release|x86 = Release|x86
	EndGlobalSection
	GlobalSection(ProjectConfigurationPlatforms) = postSolution
		{E0C18D7D-9C05-4C43-B3A1-F2313F482234}.Debug|Any CPU.ActiveCfg = Debug|Any CPU
		{E0C18D7D-9C05-4C43-B3A1-F2313F482234}.Debug|Any CPU.Build.0 = Debug|Any CPU
		{E0C18D7D-9C05-4C43-B3A1-F2313F482234}.Debug|x64.ActiveCfg = Debug|Any CPU
		{E0C18D7D-9C05-4C43-B3A1-F2313F482234}.Debug|x64.Build.0 = Debug|Any CPU
		{E0C18D7D-9C05-4C43-B3A1-F2313F482234}.Debug|x86.ActiveCfg = Debug|Any CPU
		{E0C18D7D-9C05-4C43-B3A1-F2313F482234}.Debug|x86.Build.0 = Debug|Any CPU
		{E0C18D7D-9C05-4C43-B3A1-F2313F482234}.Release|Any CPU.ActiveCfg = Release|Any CPU
		{E0C18D7D-9C05-4C43-B3A1-F2313F482234}.Release|Any CPU.Build.0 = Release|Any CPU
		{E0C18D7D-9C05-4C43-B3A1-F2313F482234}.Release|x64.ActiveCfg = Release|Any CPU
		{E0C18D7D-9C05-4C43-B3A1-F2313F482234}.Release|x64.Build.0 = Release|Any CPU
		{E0C18D7D-9C05-4C43-B3A1-F2313F482234}.Release|x86.ActiveCfg = Release|Any CPU
		{E0C18D7D-9C05-4C43-B3A1-F2313F482234}.Release|x86.Build.0 = Release|Any CPU
		{4E30673D-B6F2-4D2D-8C27-B6C48D12BF54}.Debug|Any CPU.ActiveCfg = Debug|Any CPU
		{4E30673D-B6F2-4D2D-8C27-B6C48D12BF54}.Debug|Any CPU.Build.0 = Debug|Any CPU
		{4E30673D-B6F2-4D2D-8C27-B6C48D12BF54}.Debug|x64.ActiveCfg = Debug|Any CPU
		{4E30673D-B6F2-4D2D-8C27-B6C48D12BF54}.Debug|x64.Build.0 = Debug|Any CPU
		{4E30673D-B6F2-4D2D-8C27-B6C48D12BF54}.Debug|x86.ActiveCfg = Debug|Any CPU
		{4E30673D-B6F2-4D2D-8C27-B6C48D12BF54}.Debug|x86.Build.0 = Debug|Any CPU
		{4E30673D-B6F2-4D2D-8C27-B6C48D12BF54}.Release|Any CPU.ActiveCfg = Release|Any CPU
		{4E30673D-B6F2-4D2D-8C27-B6C48D12BF54}.Release|Any CPU.Build.0 = Release|Any CPU
		{4E30673D-B6F2-4D2D-8C27-B6C48D12BF54}.Release|x64.ActiveCfg = Release|Any CPU
		{4E30673D-B6F2-4D2D-8C27-B6C48D12BF54}.Release|x64.Build.0 = Release|Any CPU
		{4E30673D-B6F2-4D2D-8C27-B6C48D12BF54}.Release|x86.ActiveCfg = Release|Any CPU
		{4E30673D-B6F2-4D2D-8C27-B6C48D12BF54}.Release|x86.Build.0 = Release|Any CPU
		{A5447E90-DF91-4D42-BBF4-2D9443F9A8AB}.Debug|Any CPU.ActiveCfg = Debug|Any CPU
		{A5447E90-DF91-4D42-BBF4-2D9443F9A8AB}.Debug|Any CPU.Build.0 = Debug|Any CPU
		{A5447E90-DF91-4D42-BBF4-2D9443F9A8AB}.Debug|x64.ActiveCfg = Debug|Any CPU
		{A5447E90-DF91-4D42-BBF4-2D9443F9A8AB}.Debug|x64.Build.0 = Debug|Any CPU
		{A5447E90-DF91-4D42-BBF4-2D9443F9A8AB}.Debug|x86.ActiveCfg = Debug|Any CPU
		{A5447E90-DF91-4D42-BBF4-2D9443F9A8AB}.Debug|x86.Build.0 = Debug|Any CPU
		{A5447E90-DF91-4D42-BBF4-2D9443F9A8AB}.Release|Any CPU.ActiveCfg = Release|Any CPU
		{A5447E90-DF91-4D42-BBF4-2D9443F9A8AB}.Release|Any CPU.Build.0 = Release|Any CPU
		{A5447E90-DF91-4D42-BBF4-2D9443F9A8AB}.Release|x64.ActiveCfg = Release|Any CPU
		{A5447E90-DF91-4D42-BBF4-2D9443F9A8AB}.Release|x64.Build.0 = Release|Any CPU
		{A5447E90-DF91-4D42-BBF4-2D9443F9A8AB}.Release|x86.ActiveCfg = Release|Any CPU
		{A5447E90-DF91-4D42-BBF4-2D9443F9A8AB}.Release|x86.Build.0 = Release|Any CPU
		{3EACE675-DF5D-48CA-AE25-30A6A6914673}.Debug|Any CPU.ActiveCfg = Debug|Any CPU
		{3EACE675-DF5D-48CA-AE25-30A6A6914673}.Debug|Any CPU.Build.0 = Debug|Any CPU
		{3EACE675-DF5D-48CA-AE25-30A6A6914673}.Debug|x64.ActiveCfg = Debug|Any CPU
		{3EACE675-DF5D-48CA-AE25-30A6A6914673}.Debug|x64.Build.0 = Debug|Any CPU
		{3EACE675-DF5D-48CA-AE25-30A6A6914673}.Debug|x86.ActiveCfg = Debug|Any CPU
		{3EACE675-DF5D-48CA-AE25-30A6A6914673}.Debug|x86.Build.0 = Debug|Any CPU
		{3EACE675-DF5D-48CA-AE25-30A6A6914673}.Release|Any CPU.ActiveCfg = Release|Any CPU
		{3EACE675-DF5D-48CA-AE25-30A6A6914673}.Release|Any CPU.Build.0 = Release|Any CPU
		{3EACE675-DF5D-48CA-AE25-30A6A6914673}.Release|x64.ActiveCfg = Release|Any CPU
		{3EACE675-DF5D-48CA-AE25-30A6A6914673}.Release|x64.Build.0 = Release|Any CPU
		{3EACE675-DF5D-48CA-AE25-30A6A6914673}.Release|x86.ActiveCfg = Release|Any CPU
		{3EACE675-DF5D-48CA-AE25-30A6A6914673}.Release|x86.Build.0 = Release|Any CPU
		{0FCDB96E-36BD-4DB7-A403-C49499C32421}.Debug|Any CPU.ActiveCfg = Debug|Any CPU
		{0FCDB96E-36BD-4DB7-A403-C49499C32421}.Debug|Any CPU.Build.0 = Debug|Any CPU
		{0FCDB96E-36BD-4DB7-A403-C49499C32421}.Debug|x64.ActiveCfg = Debug|Any CPU
		{0FCDB96E-36BD-4DB7-A403-C49499C32421}.Debug|x64.Build.0 = Debug|Any CPU
		{0FCDB96E-36BD-4DB7-A403-C49499C32421}.Debug|x86.ActiveCfg = Debug|Any CPU
		{0FCDB96E-36BD-4DB7-A403-C49499C32421}.Debug|x86.Build.0 = Debug|Any CPU
		{0FCDB96E-36BD-4DB7-A403-C49499C32421}.Release|Any CPU.ActiveCfg = Release|Any CPU
		{0FCDB96E-36BD-4DB7-A403-C49499C32421}.Release|Any CPU.Build.0 = Release|Any CPU
		{0FCDB96E-36BD-4DB7-A403-C49499C32421}.Release|x64.ActiveCfg = Release|Any CPU
		{0FCDB96E-36BD-4DB7-A403-C49499C32421}.Release|x64.Build.0 = Release|Any CPU
		{0FCDB96E-36BD-4DB7-A403-C49499C32421}.Release|x86.ActiveCfg = Release|Any CPU
		{0FCDB96E-36BD-4DB7-A403-C49499C32421}.Release|x86.Build.0 = Release|Any CPU
		{F8018657-AB88-4D82-BE00-A5EE74D040FC}.Debug|Any CPU.ActiveCfg = Debug|Any CPU
		{F8018657-AB88-4D82-BE00-A5EE74D040FC}.Debug|Any CPU.Build.0 = Debug|Any CPU
		{F8018657-AB88-4D82-BE00-A5EE74D040FC}.Debug|x64.ActiveCfg = Debug|Any CPU
		{F8018657-AB88-4D82-BE00-A5EE74D040FC}.Debug|x64.Build.0 = Debug|Any CPU
		{F8018657-AB88-4D82-BE00-A5EE74D040FC}.Debug|x86.ActiveCfg = Debug|Any CPU
		{F8018657-AB88-4D82-BE00-A5EE74D040FC}.Debug|x86.Build.0 = Debug|Any CPU
		{F8018657-AB88-4D82-BE00-A5EE74D040FC}.Release|Any CPU.ActiveCfg = Release|Any CPU
		{F8018657-AB88-4D82-BE00-A5EE74D040FC}.Release|Any CPU.Build.0 = Release|Any CPU
		{F8018657-AB88-4D82-BE00-A5EE74D040FC}.Release|x64.ActiveCfg = Release|Any CPU
		{F8018657-AB88-4D82-BE00-A5EE74D040FC}.Release|x64.Build.0 = Release|Any CPU
		{F8018657-AB88-4D82-BE00-A5EE74D040FC}.Release|x86.ActiveCfg = Release|Any CPU
		{F8018657-AB88-4D82-BE00-A5EE74D040FC}.Release|x86.Build.0 = Release|Any CPU
		{ED0F92DC-E8DB-4252-B1B5-F2D6CEDB447F}.Debug|Any CPU.ActiveCfg = Debug|Any CPU
		{ED0F92DC-E8DB-4252-B1B5-F2D6CEDB447F}.Debug|Any CPU.Build.0 = Debug|Any CPU
		{ED0F92DC-E8DB-4252-B1B5-F2D6CEDB447F}.Debug|x64.ActiveCfg = Debug|Any CPU
		{ED0F92DC-E8DB-4252-B1B5-F2D6CEDB447F}.Debug|x64.Build.0 = Debug|Any CPU
		{ED0F92DC-E8DB-4252-B1B5-F2D6CEDB447F}.Debug|x86.ActiveCfg = Debug|Any CPU
		{ED0F92DC-E8DB-4252-B1B5-F2D6CEDB447F}.Debug|x86.Build.0 = Debug|Any CPU
		{ED0F92DC-E8DB-4252-B1B5-F2D6CEDB447F}.Release|Any CPU.ActiveCfg = Release|Any CPU
		{ED0F92DC-E8DB-4252-B1B5-F2D6CEDB447F}.Release|Any CPU.Build.0 = Release|Any CPU
		{ED0F92DC-E8DB-4252-B1B5-F2D6CEDB447F}.Release|x64.ActiveCfg = Release|Any CPU
		{ED0F92DC-E8DB-4252-B1B5-F2D6CEDB447F}.Release|x64.Build.0 = Release|Any CPU
		{ED0F92DC-E8DB-4252-B1B5-F2D6CEDB447F}.Release|x86.ActiveCfg = Release|Any CPU
		{ED0F92DC-E8DB-4252-B1B5-F2D6CEDB447F}.Release|x86.Build.0 = Release|Any CPU
		{34B85157-C115-46A0-9597-1C17CFEC8E00}.Debug|Any CPU.ActiveCfg = Debug|Any CPU
		{34B85157-C115-46A0-9597-1C17CFEC8E00}.Debug|Any CPU.Build.0 = Debug|Any CPU
		{34B85157-C115-46A0-9597-1C17CFEC8E00}.Debug|x64.ActiveCfg = Debug|Any CPU
		{34B85157-C115-46A0-9597-1C17CFEC8E00}.Debug|x64.Build.0 = Debug|Any CPU
		{34B85157-C115-46A0-9597-1C17CFEC8E00}.Debug|x86.ActiveCfg = Debug|Any CPU
		{34B85157-C115-46A0-9597-1C17CFEC8E00}.Debug|x86.Build.0 = Debug|Any CPU
		{34B85157-C115-46A0-9597-1C17CFEC8E00}.Release|Any CPU.ActiveCfg = Release|Any CPU
		{34B85157-C115-46A0-9597-1C17CFEC8E00}.Release|Any CPU.Build.0 = Release|Any CPU
		{34B85157-C115-46A0-9597-1C17CFEC8E00}.Release|x64.ActiveCfg = Release|Any CPU
		{34B85157-C115-46A0-9597-1C17CFEC8E00}.Release|x64.Build.0 = Release|Any CPU
		{34B85157-C115-46A0-9597-1C17CFEC8E00}.Release|x86.ActiveCfg = Release|Any CPU
		{34B85157-C115-46A0-9597-1C17CFEC8E00}.Release|x86.Build.0 = Release|Any CPU
		{1CF787D7-3D50-4EAE-A94C-F4B7CD4C457F}.Debug|Any CPU.ActiveCfg = Debug|Any CPU
		{1CF787D7-3D50-4EAE-A94C-F4B7CD4C457F}.Debug|Any CPU.Build.0 = Debug|Any CPU
		{1CF787D7-3D50-4EAE-A94C-F4B7CD4C457F}.Debug|x64.ActiveCfg = Debug|Any CPU
		{1CF787D7-3D50-4EAE-A94C-F4B7CD4C457F}.Debug|x64.Build.0 = Debug|Any CPU
		{1CF787D7-3D50-4EAE-A94C-F4B7CD4C457F}.Debug|x86.ActiveCfg = Debug|Any CPU
		{1CF787D7-3D50-4EAE-A94C-F4B7CD4C457F}.Debug|x86.Build.0 = Debug|Any CPU
		{1CF787D7-3D50-4EAE-A94C-F4B7CD4C457F}.Release|Any CPU.ActiveCfg = Release|Any CPU
		{1CF787D7-3D50-4EAE-A94C-F4B7CD4C457F}.Release|Any CPU.Build.0 = Release|Any CPU
		{1CF787D7-3D50-4EAE-A94C-F4B7CD4C457F}.Release|x64.ActiveCfg = Release|Any CPU
		{1CF787D7-3D50-4EAE-A94C-F4B7CD4C457F}.Release|x64.Build.0 = Release|Any CPU
		{1CF787D7-3D50-4EAE-A94C-F4B7CD4C457F}.Release|x86.ActiveCfg = Release|Any CPU
		{1CF787D7-3D50-4EAE-A94C-F4B7CD4C457F}.Release|x86.Build.0 = Release|Any CPU
		{1B0E043A-BB93-42E0-B98A-D05797C9ABF9}.Debug|Any CPU.ActiveCfg = Debug|Any CPU
		{1B0E043A-BB93-42E0-B98A-D05797C9ABF9}.Debug|Any CPU.Build.0 = Debug|Any CPU
		{1B0E043A-BB93-42E0-B98A-D05797C9ABF9}.Debug|x64.ActiveCfg = Debug|Any CPU
		{1B0E043A-BB93-42E0-B98A-D05797C9ABF9}.Debug|x64.Build.0 = Debug|Any CPU
		{1B0E043A-BB93-42E0-B98A-D05797C9ABF9}.Debug|x86.ActiveCfg = Debug|Any CPU
		{1B0E043A-BB93-42E0-B98A-D05797C9ABF9}.Debug|x86.Build.0 = Debug|Any CPU
		{1B0E043A-BB93-42E0-B98A-D05797C9ABF9}.Release|Any CPU.ActiveCfg = Release|Any CPU
		{1B0E043A-BB93-42E0-B98A-D05797C9ABF9}.Release|Any CPU.Build.0 = Release|Any CPU
		{1B0E043A-BB93-42E0-B98A-D05797C9ABF9}.Release|x64.ActiveCfg = Release|Any CPU
		{1B0E043A-BB93-42E0-B98A-D05797C9ABF9}.Release|x64.Build.0 = Release|Any CPU
		{1B0E043A-BB93-42E0-B98A-D05797C9ABF9}.Release|x86.ActiveCfg = Release|Any CPU
		{1B0E043A-BB93-42E0-B98A-D05797C9ABF9}.Release|x86.Build.0 = Release|Any CPU
		{7DF816DB-9022-44E5-ABD9-A80EF8E38583}.Debug|Any CPU.ActiveCfg = Debug|Any CPU
		{7DF816DB-9022-44E5-ABD9-A80EF8E38583}.Debug|Any CPU.Build.0 = Debug|Any CPU
		{7DF816DB-9022-44E5-ABD9-A80EF8E38583}.Debug|x64.ActiveCfg = Debug|Any CPU
		{7DF816DB-9022-44E5-ABD9-A80EF8E38583}.Debug|x64.Build.0 = Debug|Any CPU
		{7DF816DB-9022-44E5-ABD9-A80EF8E38583}.Debug|x86.ActiveCfg = Debug|Any CPU
		{7DF816DB-9022-44E5-ABD9-A80EF8E38583}.Debug|x86.Build.0 = Debug|Any CPU
		{7DF816DB-9022-44E5-ABD9-A80EF8E38583}.Release|Any CPU.ActiveCfg = Release|Any CPU
		{7DF816DB-9022-44E5-ABD9-A80EF8E38583}.Release|Any CPU.Build.0 = Release|Any CPU
		{7DF816DB-9022-44E5-ABD9-A80EF8E38583}.Release|x64.ActiveCfg = Release|Any CPU
		{7DF816DB-9022-44E5-ABD9-A80EF8E38583}.Release|x64.Build.0 = Release|Any CPU
		{7DF816DB-9022-44E5-ABD9-A80EF8E38583}.Release|x86.ActiveCfg = Release|Any CPU
		{7DF816DB-9022-44E5-ABD9-A80EF8E38583}.Release|x86.Build.0 = Release|Any CPU
		{44FE4971-1B13-40C7-8468-094FB7F42EA8}.Debug|Any CPU.ActiveCfg = Debug|Any CPU
		{44FE4971-1B13-40C7-8468-094FB7F42EA8}.Debug|Any CPU.Build.0 = Debug|Any CPU
		{44FE4971-1B13-40C7-8468-094FB7F42EA8}.Debug|x64.ActiveCfg = Debug|Any CPU
		{44FE4971-1B13-40C7-8468-094FB7F42EA8}.Debug|x64.Build.0 = Debug|Any CPU
		{44FE4971-1B13-40C7-8468-094FB7F42EA8}.Debug|x86.ActiveCfg = Debug|Any CPU
		{44FE4971-1B13-40C7-8468-094FB7F42EA8}.Debug|x86.Build.0 = Debug|Any CPU
		{44FE4971-1B13-40C7-8468-094FB7F42EA8}.Release|Any CPU.ActiveCfg = Release|Any CPU
		{44FE4971-1B13-40C7-8468-094FB7F42EA8}.Release|Any CPU.Build.0 = Release|Any CPU
		{44FE4971-1B13-40C7-8468-094FB7F42EA8}.Release|x64.ActiveCfg = Release|Any CPU
		{44FE4971-1B13-40C7-8468-094FB7F42EA8}.Release|x64.Build.0 = Release|Any CPU
		{44FE4971-1B13-40C7-8468-094FB7F42EA8}.Release|x86.ActiveCfg = Release|Any CPU
		{44FE4971-1B13-40C7-8468-094FB7F42EA8}.Release|x86.Build.0 = Release|Any CPU
		{3DE64085-F4F3-4BBD-A880-9AB0834F544F}.Debug|Any CPU.ActiveCfg = Debug|Any CPU
		{3DE64085-F4F3-4BBD-A880-9AB0834F544F}.Debug|Any CPU.Build.0 = Debug|Any CPU
		{3DE64085-F4F3-4BBD-A880-9AB0834F544F}.Debug|x64.ActiveCfg = Debug|Any CPU
		{3DE64085-F4F3-4BBD-A880-9AB0834F544F}.Debug|x64.Build.0 = Debug|Any CPU
		{3DE64085-F4F3-4BBD-A880-9AB0834F544F}.Debug|x86.ActiveCfg = Debug|Any CPU
		{3DE64085-F4F3-4BBD-A880-9AB0834F544F}.Debug|x86.Build.0 = Debug|Any CPU
		{3DE64085-F4F3-4BBD-A880-9AB0834F544F}.Release|Any CPU.ActiveCfg = Release|Any CPU
		{3DE64085-F4F3-4BBD-A880-9AB0834F544F}.Release|Any CPU.Build.0 = Release|Any CPU
		{3DE64085-F4F3-4BBD-A880-9AB0834F544F}.Release|x64.ActiveCfg = Release|Any CPU
		{3DE64085-F4F3-4BBD-A880-9AB0834F544F}.Release|x64.Build.0 = Release|Any CPU
		{3DE64085-F4F3-4BBD-A880-9AB0834F544F}.Release|x86.ActiveCfg = Release|Any CPU
		{3DE64085-F4F3-4BBD-A880-9AB0834F544F}.Release|x86.Build.0 = Release|Any CPU
		{850E4C0D-5660-494A-9108-5975FB68F2F6}.Debug|Any CPU.ActiveCfg = Debug|Any CPU
		{850E4C0D-5660-494A-9108-5975FB68F2F6}.Debug|Any CPU.Build.0 = Debug|Any CPU
		{850E4C0D-5660-494A-9108-5975FB68F2F6}.Debug|x64.ActiveCfg = Debug|Any CPU
		{850E4C0D-5660-494A-9108-5975FB68F2F6}.Debug|x64.Build.0 = Debug|Any CPU
		{850E4C0D-5660-494A-9108-5975FB68F2F6}.Debug|x86.ActiveCfg = Debug|Any CPU
		{850E4C0D-5660-494A-9108-5975FB68F2F6}.Debug|x86.Build.0 = Debug|Any CPU
		{850E4C0D-5660-494A-9108-5975FB68F2F6}.Release|Any CPU.ActiveCfg = Release|Any CPU
		{850E4C0D-5660-494A-9108-5975FB68F2F6}.Release|Any CPU.Build.0 = Release|Any CPU
		{850E4C0D-5660-494A-9108-5975FB68F2F6}.Release|x64.ActiveCfg = Release|Any CPU
		{850E4C0D-5660-494A-9108-5975FB68F2F6}.Release|x64.Build.0 = Release|Any CPU
		{850E4C0D-5660-494A-9108-5975FB68F2F6}.Release|x86.ActiveCfg = Release|Any CPU
		{850E4C0D-5660-494A-9108-5975FB68F2F6}.Release|x86.Build.0 = Release|Any CPU
		{705A8BAE-3D7D-43E8-9D88-8E95C7E0CFF6}.Debug|Any CPU.ActiveCfg = Debug|Any CPU
		{705A8BAE-3D7D-43E8-9D88-8E95C7E0CFF6}.Debug|Any CPU.Build.0 = Debug|Any CPU
		{705A8BAE-3D7D-43E8-9D88-8E95C7E0CFF6}.Debug|x64.ActiveCfg = Debug|Any CPU
		{705A8BAE-3D7D-43E8-9D88-8E95C7E0CFF6}.Debug|x64.Build.0 = Debug|Any CPU
		{705A8BAE-3D7D-43E8-9D88-8E95C7E0CFF6}.Debug|x86.ActiveCfg = Debug|Any CPU
		{705A8BAE-3D7D-43E8-9D88-8E95C7E0CFF6}.Debug|x86.Build.0 = Debug|Any CPU
		{705A8BAE-3D7D-43E8-9D88-8E95C7E0CFF6}.Release|Any CPU.ActiveCfg = Release|Any CPU
		{705A8BAE-3D7D-43E8-9D88-8E95C7E0CFF6}.Release|Any CPU.Build.0 = Release|Any CPU
		{705A8BAE-3D7D-43E8-9D88-8E95C7E0CFF6}.Release|x64.ActiveCfg = Release|Any CPU
		{705A8BAE-3D7D-43E8-9D88-8E95C7E0CFF6}.Release|x64.Build.0 = Release|Any CPU
		{705A8BAE-3D7D-43E8-9D88-8E95C7E0CFF6}.Release|x86.ActiveCfg = Release|Any CPU
		{705A8BAE-3D7D-43E8-9D88-8E95C7E0CFF6}.Release|x86.Build.0 = Release|Any CPU
		{F508E0A5-0C0D-46B9-ABB9-FC5F7D89F2F0}.Debug|Any CPU.ActiveCfg = Debug|Any CPU
		{F508E0A5-0C0D-46B9-ABB9-FC5F7D89F2F0}.Debug|Any CPU.Build.0 = Debug|Any CPU
		{F508E0A5-0C0D-46B9-ABB9-FC5F7D89F2F0}.Debug|x64.ActiveCfg = Debug|Any CPU
		{F508E0A5-0C0D-46B9-ABB9-FC5F7D89F2F0}.Debug|x64.Build.0 = Debug|Any CPU
		{F508E0A5-0C0D-46B9-ABB9-FC5F7D89F2F0}.Debug|x86.ActiveCfg = Debug|Any CPU
		{F508E0A5-0C0D-46B9-ABB9-FC5F7D89F2F0}.Debug|x86.Build.0 = Debug|Any CPU
		{F508E0A5-0C0D-46B9-ABB9-FC5F7D89F2F0}.Release|Any CPU.ActiveCfg = Release|Any CPU
		{F508E0A5-0C0D-46B9-ABB9-FC5F7D89F2F0}.Release|Any CPU.Build.0 = Release|Any CPU
		{F508E0A5-0C0D-46B9-ABB9-FC5F7D89F2F0}.Release|x64.ActiveCfg = Release|Any CPU
		{F508E0A5-0C0D-46B9-ABB9-FC5F7D89F2F0}.Release|x64.Build.0 = Release|Any CPU
		{F508E0A5-0C0D-46B9-ABB9-FC5F7D89F2F0}.Release|x86.ActiveCfg = Release|Any CPU
		{F508E0A5-0C0D-46B9-ABB9-FC5F7D89F2F0}.Release|x86.Build.0 = Release|Any CPU
		{FCDE27ED-4BB9-4A08-9A5A-9D39954B7D7A}.Debug|Any CPU.ActiveCfg = Debug|Any CPU
		{FCDE27ED-4BB9-4A08-9A5A-9D39954B7D7A}.Debug|Any CPU.Build.0 = Debug|Any CPU
		{FCDE27ED-4BB9-4A08-9A5A-9D39954B7D7A}.Debug|x64.ActiveCfg = Debug|Any CPU
		{FCDE27ED-4BB9-4A08-9A5A-9D39954B7D7A}.Debug|x64.Build.0 = Debug|Any CPU
		{FCDE27ED-4BB9-4A08-9A5A-9D39954B7D7A}.Debug|x86.ActiveCfg = Debug|Any CPU
		{FCDE27ED-4BB9-4A08-9A5A-9D39954B7D7A}.Debug|x86.Build.0 = Debug|Any CPU
		{FCDE27ED-4BB9-4A08-9A5A-9D39954B7D7A}.Release|Any CPU.ActiveCfg = Release|Any CPU
		{FCDE27ED-4BB9-4A08-9A5A-9D39954B7D7A}.Release|Any CPU.Build.0 = Release|Any CPU
		{FCDE27ED-4BB9-4A08-9A5A-9D39954B7D7A}.Release|x64.ActiveCfg = Release|Any CPU
		{FCDE27ED-4BB9-4A08-9A5A-9D39954B7D7A}.Release|x64.Build.0 = Release|Any CPU
		{FCDE27ED-4BB9-4A08-9A5A-9D39954B7D7A}.Release|x86.ActiveCfg = Release|Any CPU
		{FCDE27ED-4BB9-4A08-9A5A-9D39954B7D7A}.Release|x86.Build.0 = Release|Any CPU
	EndGlobalSection
	GlobalSection(SolutionProperties) = preSolution
		HideSolutionNode = FALSE
	EndGlobalSection
	GlobalSection(ExtensibilityGlobals) = postSolution
		SolutionGuid = {99819633-DA6A-4FC1-A82F-B6B683FD3725}
	EndGlobalSection
EndGlobal
